
Microsoft Visual Studio Solution File, Format Version 12.00
# Visual Studio Version 16
VisualStudioVersion = 16.0.30621.155
MinimumVisualStudioVersion = 10.0.40219.1
Project("{9A19103F-16F7-4668-BE54-9A1E7A4F7556}") = "Ticketing.Client", "Ticketing.Client\Ticketing.Client.csproj", "{50922D72-21B1-4143-8FBF-9D1FF145B72C}"
EndProject
Project("{9A19103F-16F7-4668-BE54-9A1E7A4F7556}") = "Ticketing.Helpers", "Ticketing.Helpers\Ticketing.Helpers.csproj", "{85BD33FF-A10D-4F3F-8EEA-DF657CF7F165}"
EndProject
Project("{9A19103F-16F7-4668-BE54-9A1E7A4F7556}") = "TicketingCore", "TicketingCore\TicketingCore.csproj", "{13E9A8C0-58BD-42AC-B2E9-2599C2146D17}"
EndProject
Project("{9A19103F-16F7-4668-BE54-9A1E7A4F7556}") = "Ticketing.Core.EF", "Ticketing.Core.EF\Ticketing.Core.EF.csproj", "{33FB9E89-DAF4-4A5E-B703-C35E8C40497C}"
EndProject
Project("{FAE04EC0-301F-11D3-BF4B-00C04F79EFBC}") = "Ticketing.Core.Mock", "Ticketing.Core.Mock\Ticketing.Core.Mock.csproj", "{07EF8648-AD1E-4826-B67B-79169C5AACC3}"
EndProject
Project("{FAE04EC0-301F-11D3-BF4B-00C04F79EFBC}") = "Ticketing.Core.ADONET", "Ticketing.Core.ADONET\Ticketing.Core.ADONET.csproj", "{C0041178-E3D9-443D-B453-9442FA8ACDB2}"
EndProject
Project("{FAE04EC0-301F-11D3-BF4B-00C04F79EFBC}") = "Ticketing.API", "Ticketing.API\Ticketing.API.csproj", "{134760ED-DE91-48FF-883C-6393B3312BCE}"
EndProject
Global
	GlobalSection(SolutionConfigurationPlatforms) = preSolution
		Debug|Any CPU = Debug|Any CPU
		Release|Any CPU = Release|Any CPU
	EndGlobalSection
	GlobalSection(ProjectConfigurationPlatforms) = postSolution
		{50922D72-21B1-4143-8FBF-9D1FF145B72C}.Debug|Any CPU.ActiveCfg = Debug|Any CPU
		{50922D72-21B1-4143-8FBF-9D1FF145B72C}.Debug|Any CPU.Build.0 = Debug|Any CPU
		{50922D72-21B1-4143-8FBF-9D1FF145B72C}.Release|Any CPU.ActiveCfg = Release|Any CPU
		{50922D72-21B1-4143-8FBF-9D1FF145B72C}.Release|Any CPU.Build.0 = Release|Any CPU
		{85BD33FF-A10D-4F3F-8EEA-DF657CF7F165}.Debug|Any CPU.ActiveCfg = Debug|Any CPU
		{85BD33FF-A10D-4F3F-8EEA-DF657CF7F165}.Debug|Any CPU.Build.0 = Debug|Any CPU
		{85BD33FF-A10D-4F3F-8EEA-DF657CF7F165}.Release|Any CPU.ActiveCfg = Release|Any CPU
		{85BD33FF-A10D-4F3F-8EEA-DF657CF7F165}.Release|Any CPU.Build.0 = Release|Any CPU
		{13E9A8C0-58BD-42AC-B2E9-2599C2146D17}.Debug|Any CPU.ActiveCfg = Debug|Any CPU
		{13E9A8C0-58BD-42AC-B2E9-2599C2146D17}.Debug|Any CPU.Build.0 = Debug|Any CPU
		{13E9A8C0-58BD-42AC-B2E9-2599C2146D17}.Release|Any CPU.ActiveCfg = Release|Any CPU
		{13E9A8C0-58BD-42AC-B2E9-2599C2146D17}.Release|Any CPU.Build.0 = Release|Any CPU
		{33FB9E89-DAF4-4A5E-B703-C35E8C40497C}.Debug|Any CPU.ActiveCfg = Debug|Any CPU
		{33FB9E89-DAF4-4A5E-B703-C35E8C40497C}.Debug|Any CPU.Build.0 = Debug|Any CPU
		{33FB9E89-DAF4-4A5E-B703-C35E8C40497C}.Release|Any CPU.ActiveCfg = Release|Any CPU
		{33FB9E89-DAF4-4A5E-B703-C35E8C40497C}.Release|Any CPU.Build.0 = Release|Any CPU
		{07EF8648-AD1E-4826-B67B-79169C5AACC3}.Debug|Any CPU.ActiveCfg = Debug|Any CPU
		{07EF8648-AD1E-4826-B67B-79169C5AACC3}.Debug|Any CPU.Build.0 = Debug|Any CPU
		{07EF8648-AD1E-4826-B67B-79169C5AACC3}.Release|Any CPU.ActiveCfg = Release|Any CPU
		{07EF8648-AD1E-4826-B67B-79169C5AACC3}.Release|Any CPU.Build.0 = Release|Any CPU
		{C0041178-E3D9-443D-B453-9442FA8ACDB2}.Debug|Any CPU.ActiveCfg = Debug|Any CPU
		{C0041178-E3D9-443D-B453-9442FA8ACDB2}.Debug|Any CPU.Build.0 = Debug|Any CPU
		{C0041178-E3D9-443D-B453-9442FA8ACDB2}.Release|Any CPU.ActiveCfg = Release|Any CPU
		{C0041178-E3D9-443D-B453-9442FA8ACDB2}.Release|Any CPU.Build.0 = Release|Any CPU
		{134760ED-DE91-48FF-883C-6393B3312BCE}.Debug|Any CPU.ActiveCfg = Debug|Any CPU
		{134760ED-DE91-48FF-883C-6393B3312BCE}.Debug|Any CPU.Build.0 = Debug|Any CPU
		{134760ED-DE91-48FF-883C-6393B3312BCE}.Release|Any CPU.ActiveCfg = Release|Any CPU
		{134760ED-DE91-48FF-883C-6393B3312BCE}.Release|Any CPU.Build.0 = Release|Any CPU
	EndGlobalSection
	GlobalSection(SolutionProperties) = preSolution
		HideSolutionNode = FALSE
	EndGlobalSection
	GlobalSection(ExtensibilityGlobals) = postSolution
		SolutionGuid = {A2425C66-D3E2-4205-97DF-F9D17247EB35}
	EndGlobalSection
EndGlobal
